{
  "version": "4",
  "remote": {
    "https://cdn.jsdelivr.net/npm/d3-array@3.2.4/+esm": "78417fa22c000897bb29a93e4349827420525ea050c1da59470ce0d2ffc38ed7",
    "https://cdn.jsdelivr.net/npm/d3-axis@3.0.0/+esm": "57d6bee70ce5e5ad5b9345fe082295373691bfbc09fb1a8383872ced5e8b75f5",
    "https://cdn.jsdelivr.net/npm/d3-brush@3.0.0/+esm": "21055d6256fd3059ef3488605115df7045d31c828f11a943438623a384398035",
    "https://cdn.jsdelivr.net/npm/d3-chord@3.0.1/+esm": "89f75f5f33bba0598b8d6f5101ae73cdd2f8b60fd75f2b8b42c72e6c993b294e",
    "https://cdn.jsdelivr.net/npm/d3-color@3.1.0/+esm": "1625144cfebcb716c65a701e75c6e37dcc85c42025abbf1f2653281e4c969585",
    "https://cdn.jsdelivr.net/npm/d3-contour@4.0.2/+esm": "71f30fddc7bc2989a48575dd29dffdd556d41dfd27e0aec3d62dd4c7752a547c",
    "https://cdn.jsdelivr.net/npm/d3-delaunay@6.0.4/+esm": "b275687c86e96e9b064bf794251f46ceb7c679d377df24e9e6a14d648f2c548e",
    "https://cdn.jsdelivr.net/npm/d3-dispatch@3.0.1/+esm": "e4695f8475fe76f53886e64aa39de56f198e17320bec9bf3fb00222d7b11b07d",
    "https://cdn.jsdelivr.net/npm/d3-drag@3.0.0/+esm": "26b57d06c8a7d59f20ad93184382e7f801d47ab0ad514e482ecf7b7456de0451",
    "https://cdn.jsdelivr.net/npm/d3-dsv@3.0.1/+esm": "54f382edf990ec040a204bf2b2eaa998377fe68e5b3b7ef7a0ef3e15194784b2",
    "https://cdn.jsdelivr.net/npm/d3-ease@3.0.1/+esm": "438ab7e4ec21fcdfe445aac5d275ce9ba8c087326b9859ba745ef3f35bd09a9b",
    "https://cdn.jsdelivr.net/npm/d3-fetch@3.0.1/+esm": "f8d208002a84498fb5573f3fa5bd324065168205e99b52834fe21c4610481d02",
    "https://cdn.jsdelivr.net/npm/d3-force@3.0.0/+esm": "f322efef93a6929de1eee62288113a4d900e6496ffef8a3deb609577fb94808e",
    "https://cdn.jsdelivr.net/npm/d3-format@3.1.0/+esm": "6b3a227445ae8347a704a554400976921cc6b7c897e0b3785fa11405e3bd7b26",
    "https://cdn.jsdelivr.net/npm/d3-geo@3.1.1/+esm": "cbfc4b7d04dd8f811d74bb65f57009fad18947a38074bbee1dfca7d0115deb59",
    "https://cdn.jsdelivr.net/npm/d3-hierarchy@3.1.2/+esm": "11823f8e7baee2c1e18a7fc3151c490df61b9c7a6f928a3ec7c3f092ed139c47",
    "https://cdn.jsdelivr.net/npm/d3-interpolate@3.0.1/+esm": "848b81558c926d0e8712cb752b9cfe01791759edfc3eafef2f356c2449663a30",
    "https://cdn.jsdelivr.net/npm/d3-path@3.1.0/+esm": "72b2d6e063733ce4f06f268c6a312a90a3c19371a3424f452d546ba786410b23",
    "https://cdn.jsdelivr.net/npm/d3-polygon@3.0.1/+esm": "3253d07bf9c45bd527a02ce9f00493495750bce5d84f5553d00abcc23ac6fc11",
    "https://cdn.jsdelivr.net/npm/d3-quadtree@3.0.1/+esm": "ca323394b5b8ec4d762187f6e58eb3c9b80bb387e683755a5f2c732af1c18465",
    "https://cdn.jsdelivr.net/npm/d3-random@3.0.1/+esm": "5e570579c3f551d8be78928c396903a2a6d6c418a27219906f081e7b1718ca4b",
    "https://cdn.jsdelivr.net/npm/d3-scale-chromatic@3.1.0/+esm": "32bbbaff73494ccc3e7c2474f29192fba3edd1672990620f394c042509997d0e",
    "https://cdn.jsdelivr.net/npm/d3-scale@4.0.2/+esm": "4587c00859188ea54fadcefd48eb7db0e9c86a825d0a2c53b87955cc3d5a53f2",
    "https://cdn.jsdelivr.net/npm/d3-selection@3.0.0/+esm": "d09694c85eb0d516da313bb64e7ed2fffd6af0350eaa81c013a6b46a7c261696",
    "https://cdn.jsdelivr.net/npm/d3-shape@3.2.0/+esm": "92e7bba7896b173b6993368440aaad468bfae22543d3edd0888494d82f2b581d",
    "https://cdn.jsdelivr.net/npm/d3-time-format@4.1.0/+esm": "c3df7a4b27574acb19ea11a47c43bf148872c61e8cc05f8068bf3d474be0bafb",
    "https://cdn.jsdelivr.net/npm/d3-time@3.1.0/+esm": "221c6c5bbf298aeb68c51b21829d7ba6d6fb2188a99fdb56f542db2ab7380874",
    "https://cdn.jsdelivr.net/npm/d3-timer@3.0.1/+esm": "aea11f14286cfb659fdebd6c18191ca0331f50fd70666d0e5fcf36086640b797",
    "https://cdn.jsdelivr.net/npm/d3-transition@3.0.1/+esm": "48b3c59260ca21e7e7365774dcdb4543eb8adaef5c3950185e19486c374019d9",
    "https://cdn.jsdelivr.net/npm/d3-zoom@3.0.0/+esm": "3e7f89db07ea19b000ae43861c48c2de7073c34b4a0f6f93f11cce9c2e352a9c",
    "https://cdn.jsdelivr.net/npm/d3@7/+esm": "1bf58b6f32b38975bb925da16063c526ef7c4a4f869503e27988f5bc4012e543",
    "https://cdn.jsdelivr.net/npm/delaunator@5.0.1/+esm": "831b2f2be969c0d85813d51302bae6194c0bf0ab8af10c3e2cdf2ca6556bc841",
    "https://cdn.jsdelivr.net/npm/internmap@2.0.3/+esm": "a2a6f711e62b7d68af42551c89ecc7895573d9d6e41ed5e31357bd7b7133d4a5",
    "https://cdn.jsdelivr.net/npm/robust-predicates@3.0.2/+esm": "2070874014e2379eabf1f0f37c5293b0f8b2a82c0f9cfe82f25e210a01cf060e"
  }
}
